
Microsoft Visual Studio Solution File, Format Version 12.00
# Visual Studio Version 16
VisualStudioVersion = 16.0.32510.428
MinimumVisualStudioVersion = 10.0.40219.1
Project("{FAE04EC0-301F-11D3-BF4B-00C04F79EFBC}") = "FooddonationManagementSystem", "FooddonationManagementSystem\FooddonationManagementSystem.csproj", "{9543EFBD-EF3E-4B8C-A5C3-C43F2302B489}"
EndProject
Project("{FAE04EC0-301F-11D3-BF4B-00C04F79EFBC}") = "FooddonationManagementSystemTest", "FooddonationManagementSystemTest\FooddonationManagementSystemTest.csproj", "{FE456098-870D-4BE1-AC90-1F56AB610B6F}"
EndProject
Global
	GlobalSection(SolutionConfigurationPlatforms) = preSolution
		Debug|Any CPU = Debug|Any CPU
		Release|Any CPU = Release|Any CPU
	EndGlobalSection
	GlobalSection(ProjectConfigurationPlatforms) = postSolution
		{9543EFBD-EF3E-4B8C-A5C3-C43F2302B489}.Debug|Any CPU.ActiveCfg = Debug|Any CPU
		{9543EFBD-EF3E-4B8C-A5C3-C43F2302B489}.Debug|Any CPU.Build.0 = Debug|Any CPU
		{9543EFBD-EF3E-4B8C-A5C3-C43F2302B489}.Release|Any CPU.ActiveCfg = Release|Any CPU
		{9543EFBD-EF3E-4B8C-A5C3-C43F2302B489}.Release|Any CPU.Build.0 = Release|Any CPU
		{FE456098-870D-4BE1-AC90-1F56AB610B6F}.Debug|Any CPU.ActiveCfg = Debug|Any CPU
		{FE456098-870D-4BE1-AC90-1F56AB610B6F}.Debug|Any CPU.Build.0 = Debug|Any CPU
		{FE456098-870D-4BE1-AC90-1F56AB610B6F}.Release|Any CPU.ActiveCfg = Release|Any CPU
		{FE456098-870D-4BE1-AC90-1F56AB610B6F}.Release|Any CPU.Build.0 = Release|Any CPU
	EndGlobalSection
	GlobalSection(SolutionProperties) = preSolution
		HideSolutionNode = FALSE
	EndGlobalSection
	GlobalSection(ExtensibilityGlobals) = postSolution
		SolutionGuid = {CC4A12BC-9FB9-4DF4-B476-0AAAD8FB7CDD}
	EndGlobalSection
EndGlobal
